
Microsoft Visual Studio Solution File, Format Version 12.00
# Visual Studio Version 16
VisualStudioVersion = 16.0.31409.214
MinimumVisualStudioVersion = 10.0.40219.1
Project("{FAE04EC0-301F-11D3-BF4B-00C04F79EFBC}") = "Insurance.Infrastructure", "Insurance.Infrastructure\Insurance.Infrastructure.csproj", "{B84AFC0F-5991-4975-9422-8C4F2855AD63}"
EndProject
Project("{FAE04EC0-301F-11D3-BF4B-00C04F79EFBC}") = "Insurance.Domain", "Insurance.Domain\Insurance.Domain.csproj", "{30D65140-5935-4AF8-A8FA-4A7A8B0876FA}"
EndProject
Project("{FAE04EC0-301F-11D3-BF4B-00C04F79EFBC}") = "Insurance.WebApi", "Insurance.WebApi\Insurance.WebApi.csproj", "{B655C96B-BE02-4037-B1B9-1907C97BFDCD}"
EndProject
Project("{FAE04EC0-301F-11D3-BF4B-00C04F79EFBC}") = "Insurance.Application", "Insurance.Application\Insurance.Application.csproj", "{9030A542-CE14-4BD8-842E-FF55094935DE}"
EndProject
Project("{FAE04EC0-301F-11D3-BF4B-00C04F79EFBC}") = "Insurance.Tests", "Insurance.Tests\Insurance.Tests.csproj", "{6FBBE908-3E1C-48AD-A9EC-1DAC251C17B8}"
EndProject
Global
	GlobalSection(SolutionConfigurationPlatforms) = preSolution
		Debug|Any CPU = Debug|Any CPU
		Release|Any CPU = Release|Any CPU
	EndGlobalSection
	GlobalSection(ProjectConfigurationPlatforms) = postSolution
		{B84AFC0F-5991-4975-9422-8C4F2855AD63}.Debug|Any CPU.ActiveCfg = Debug|Any CPU
		{B84AFC0F-5991-4975-9422-8C4F2855AD63}.Debug|Any CPU.Build.0 = Debug|Any CPU
		{B84AFC0F-5991-4975-9422-8C4F2855AD63}.Release|Any CPU.ActiveCfg = Release|Any CPU
		{B84AFC0F-5991-4975-9422-8C4F2855AD63}.Release|Any CPU.Build.0 = Release|Any CPU
		{30D65140-5935-4AF8-A8FA-4A7A8B0876FA}.Debug|Any CPU.ActiveCfg = Debug|Any CPU
		{30D65140-5935-4AF8-A8FA-4A7A8B0876FA}.Debug|Any CPU.Build.0 = Debug|Any CPU
		{30D65140-5935-4AF8-A8FA-4A7A8B0876FA}.Release|Any CPU.ActiveCfg = Release|Any CPU
		{30D65140-5935-4AF8-A8FA-4A7A8B0876FA}.Release|Any CPU.Build.0 = Release|Any CPU
		{B655C96B-BE02-4037-B1B9-1907C97BFDCD}.Debug|Any CPU.ActiveCfg = Debug|Any CPU
		{B655C96B-BE02-4037-B1B9-1907C97BFDCD}.Debug|Any CPU.Build.0 = Debug|Any CPU
		{B655C96B-BE02-4037-B1B9-1907C97BFDCD}.Release|Any CPU.ActiveCfg = Release|Any CPU
		{B655C96B-BE02-4037-B1B9-1907C97BFDCD}.Release|Any CPU.Build.0 = Release|Any CPU
		{9030A542-CE14-4BD8-842E-FF55094935DE}.Debug|Any CPU.ActiveCfg = Debug|Any CPU
		{9030A542-CE14-4BD8-842E-FF55094935DE}.Debug|Any CPU.Build.0 = Debug|Any CPU
		{9030A542-CE14-4BD8-842E-FF55094935DE}.Release|Any CPU.ActiveCfg = Release|Any CPU
		{9030A542-CE14-4BD8-842E-FF55094935DE}.Release|Any CPU.Build.0 = Release|Any CPU
		{6FBBE908-3E1C-48AD-A9EC-1DAC251C17B8}.Debug|Any CPU.ActiveCfg = Debug|Any CPU
		{6FBBE908-3E1C-48AD-A9EC-1DAC251C17B8}.Debug|Any CPU.Build.0 = Debug|Any CPU
		{6FBBE908-3E1C-48AD-A9EC-1DAC251C17B8}.Release|Any CPU.ActiveCfg = Release|Any CPU
		{6FBBE908-3E1C-48AD-A9EC-1DAC251C17B8}.Release|Any CPU.Build.0 = Release|Any CPU
	EndGlobalSection
	GlobalSection(SolutionProperties) = preSolution
		HideSolutionNode = FALSE
	EndGlobalSection
	GlobalSection(ExtensibilityGlobals) = postSolution
		SolutionGuid = {05AA8130-4374-4C11-A2BF-600689799265}
	EndGlobalSection
EndGlobal
